<?xml version="1.0" encoding="utf-8"?>
<Project ToolsVersion="4.0" xmlns="http://schemas.microsoft.com/developer/msbuild/2003">
  <ItemGroup>
    <Filter Include="Main">
      <UniqueIdentifier>{f73da885-dc61-4942-a1e7-e73aa7b97708}</UniqueIdentifier>
    </Filter>
    <Filter Include="HLSL">
      <UniqueIdentifier>{b260d4f8-1506-4529-8e79-469af1d7aa2a}</UniqueIdentifier>
    </Filter>
    <Filter Include="DX">
      <UniqueIdentifier>{8f724920-9491-4b75-bcde-4fc72542dd77}</UniqueIdentifier>
    </Filter>
    <Filter Include="Engine">
      <UniqueIdentifier>{c81ac295-84a5-4ad0-894b-d7870c365aea}</UniqueIdentifier>
    </Filter>
    <Filter Include="Engine\Input">
      <UniqueIdentifier>{fe6cba03-77a7-4f8e-b696-cad12900e168}</UniqueIdentifier>
    </Filter>
    <Filter Include="Engine\Input\InputSystem">
      <UniqueIdentifier>{8e05b63b-4034-4684-b06e-e44c36c5f504}</UniqueIdentifier>
    </Filter>
    <Filter Include="Engine\Time">
      <UniqueIdentifier>{94f34c5c-7ce5-4bd1-91d6-76bc755e328d}</UniqueIdentifier>
    </Filter>
    <Filter Include="Engine\Model">
      <UniqueIdentifier>{f7c7f161-46ea-4de4-aad0-1bc8bb43d791}</UniqueIdentifier>
    </Filter>
    <Filter Include="DX\VertexBuffer">
      <UniqueIdentifier>{d140243b-21ec-4d95-afd8-855b263a994f}</UniqueIdentifier>
    </Filter>
    <Filter Include="Engine\Component">
      <UniqueIdentifier>{c13bfe11-b417-428e-8d5d-8d31ef735308}</UniqueIdentifier>
    </Filter>
    <Filter Include="Engine\Component\Transform">
      <UniqueIdentifier>{a2ee88b5-5cf1-4501-99c9-474d41ece0c9}</UniqueIdentifier>
    </Filter>
    <Filter Include="Window">
      <UniqueIdentifier>{002359cf-c0d1-479f-9050-4092ff4e9649}</UniqueIdentifier>
    </Filter>
    <Filter Include="DX\Graphics">
      <UniqueIdentifier>{7baf1dcf-524e-47fb-b03f-d3f569792052}</UniqueIdentifier>
    </Filter>
    <Filter Include="DX\Shader">
      <UniqueIdentifier>{ff055fe3-95b3-42c2-b0b9-4eb60198f288}</UniqueIdentifier>
    </Filter>
    <Filter Include="DX\RenderContext">
      <UniqueIdentifier>{ce04d7d6-68da-45b9-80f9-3dd1b839830e}</UniqueIdentifier>
    </Filter>
    <Filter Include="DX\RenderTarget">
      <UniqueIdentifier>{c973e717-f617-41af-9c43-4d72b0beccc2}</UniqueIdentifier>
    </Filter>
    <Filter Include="DX\Viewport">
      <UniqueIdentifier>{f9c764f3-4452-4cd3-96ad-05bdf94e0605}</UniqueIdentifier>
    </Filter>
    <Filter Include="Engine\Component\Renderer">
      <UniqueIdentifier>{7715d37f-6fed-4a33-bf24-fcb0086cea48}</UniqueIdentifier>
    </Filter>
    <Filter Include="Engine\AssetManager">
      <UniqueIdentifier>{fed9a04e-864a-4c1b-8d31-24bed7ddced0}</UniqueIdentifier>
    </Filter>
    <Filter Include="Engine\Asset">
      <UniqueIdentifier>{333a5eb1-8e8e-4125-82e2-8d901d50f2df}</UniqueIdentifier>
    </Filter>
    <Filter Include="Engine\Debug">
      <UniqueIdentifier>{960cb4a6-fd8e-4b69-bb5d-be4167d779a8}</UniqueIdentifier>
    </Filter>
  </ItemGroup>
  <ItemGroup>
    <ClInclude Include="main.h">
      <Filter>Main</Filter>
    </ClInclude>
    <ClInclude Include="Engine\pch.h">
      <Filter>Main</Filter>
    </ClInclude>
    <ClInclude Include="Model.h">
      <Filter>Engine\Model</Filter>
    </ClInclude>
    <ClInclude Include="Engine\Component\Transform\Transform.h">
      <Filter>Engine\Component\Transform</Filter>
    </ClInclude>
    <ClInclude Include="Engine\System\Time\Time.h">
      <Filter>Engine\Time</Filter>
    </ClInclude>
    <ClInclude Include="Engine\Graphics\VertexBuffer.h">
      <Filter>DX\VertexBuffer</Filter>
    </ClInclude>
    <ClInclude Include="Engine\Graphics\DX.h">
      <Filter>DX</Filter>
    </ClInclude>
    <ClInclude Include="Engine\System\Input\InputSystem.h">
      <Filter>Engine\Input\InputSystem</Filter>
    </ClInclude>
    <ClInclude Include="Engine\Window\Window.h">
      <Filter>Window</Filter>
    </ClInclude>
    <ClInclude Include="Engine\Engine.h">
      <Filter>Engine</Filter>
    </ClInclude>
    <ClInclude Include="Engine\Graphics\RenderTarget.h">
      <Filter>DX\RenderTarget</Filter>
    </ClInclude>
    <ClInclude Include="Engine\Graphics\Graphics.h">
      <Filter>DX\Graphics</Filter>
    </ClInclude>
    <ClInclude Include="Engine\Resource\Shader\Shader.h">
      <Filter>DX\Shader</Filter>
    </ClInclude>
    <ClInclude Include="Engine\Graphics\RenderContext.h">
      <Filter>DX\RenderContext</Filter>
    </ClInclude>
    <ClInclude Include="Engine\Graphics\Viewport.h">
      <Filter>DX\Viewport</Filter>
    </ClInclude>
    <ClInclude Include="Engine\Component\Renderer\Renderer.h">
      <Filter>Engine\Component\Renderer</Filter>
    </ClInclude>
    <ClInclude Include="Engine\System\AssetSystem\AssetManager.h">
      <Filter>Engine\AssetManager</Filter>
    </ClInclude>
    <ClInclude Include="Engine\System\AssetSystem\Asset\Asset.h">
      <Filter>Engine\Asset</Filter>
    </ClInclude>
    <ClInclude Include="Engine\Common.h">
      <Filter>Main</Filter>
    </ClInclude>
    <ClInclude Include="Engine\System\Debug\Debug.h">
      <Filter>Engine\Debug</Filter>
    </ClInclude>
    <ClInclude Include="Engine\Resource\Material\Material.h" />
    <ClInclude Include="Engine\System\AssetSystem\Asset\ShaderAsset.h" />
    <ClInclude Include="Engine\Resource\Resource.h" />
    <ClInclude Include="Engine\System\AssetSystem\AssetLoader.h" />
    <ClInclude Include="Engine\System\File\File.h" />
    <ClInclude Include="Engine\Archive\ResourceArchive.h" />
  </ItemGroup>
  <ItemGroup>
    <ClCompile Include="main.cpp">
      <Filter>Main</Filter>
    </ClCompile>
    <ClCompile Include="Model.cpp">
      <Filter>Engine\Model</Filter>
    </ClCompile>
    <ClCompile Include="Engine\Component\Transform\Transform.cpp">
      <Filter>Engine\Component\Transform</Filter>
    </ClCompile>
    <ClCompile Include="Engine\System\Time\Time.cpp">
      <Filter>Engine\Time</Filter>
    </ClCompile>
    <ClCompile Include="Engine\Graphics\VertexBuffer.cpp">
      <Filter>DX\VertexBuffer</Filter>
    </ClCompile>
    <ClCompile Include="Engine\Graphics\DX.cpp">
      <Filter>DX</Filter>
    </ClCompile>
    <ClCompile Include="Engine\System\Input\InputSystem.cpp">
      <Filter>Engine\Input\InputSystem</Filter>
    </ClCompile>
    <ClCompile Include="Engine\Window\Window.cpp">
      <Filter>Window</Filter>
    </ClCompile>
    <ClCompile Include="Engine\Engine.cpp">
      <Filter>Engine</Filter>
    </ClCompile>
    <ClCompile Include="Engine\Graphics\RenderTarget.cpp">
      <Filter>DX\RenderTarget</Filter>
    </ClCompile>
    <ClCompile Include="Engine\Graphics\Graphics.cpp">
      <Filter>DX\Graphics</Filter>
    </ClCompile>
    <ClCompile Include="Engine\Resource\Shader\Shader.cpp">
      <Filter>DX\Shader</Filter>
    </ClCompile>
    <ClCompile Include="Engine\Graphics\RenderContext.cpp">
      <Filter>DX\RenderContext</Filter>
    </ClCompile>
    <ClCompile Include="Engine\Graphics\Viewport.cpp">
      <Filter>DX\Viewport</Filter>
    </ClCompile>
    <ClCompile Include="Engine\Component\Renderer\Renderer.cpp">
      <Filter>Engine\Component\Renderer</Filter>
    </ClCompile>
    <ClCompile Include="Engine\System\AssetSystem\AssetManager.cpp">
      <Filter>Engine\AssetManager</Filter>
    </ClCompile>
    <ClCompile Include="Engine\System\AssetSystem\Asset\Asset.cpp">
      <Filter>Engine\Asset</Filter>
    </ClCompile>
    <ClCompile Include="Engine\pch.cpp">
      <Filter>Main</Filter>
    </ClCompile>
    <ClCompile Include="Engine\System\Debug\Debug.cpp">
      <Filter>Engine\Debug</Filter>
    </ClCompile>
    <ClCompile Include="Engine\Resource\Material\Material.cpp" />
    <ClCompile Include="Engine\System\AssetSystem\Asset\ShaderAsset.cpp" />
    <ClCompile Include="Engine\Resource\Resource.cpp" />
    <ClCompile Include="Engine\System\AssetSystem\AssetLoader.cpp" />
    <ClCompile Include="Engine\System\File\File.cpp" />
    <ClCompile Include="Engine\Archive\ResourceArchive.cpp" />
  </ItemGroup>
  <ItemGroup>
    <FxCompile Include="HLSL\PixelShader.hlsl">
      <Filter>HLSL</Filter>
    </FxCompile>
    <FxCompile Include="HLSL\VertexShader.hlsl">
      <Filter>HLSL</Filter>
    </FxCompile>
  </ItemGroup>
  <ItemGroup>
    <None Include="HLSL\Common.hlsl">
      <Filter>HLSL</Filter>
    </None>
    <None Include="HLSL\Transform.hlsl">
      <Filter>HLSL</Filter>
    </None>
  </ItemGroup>
</Project>