<?xml version="1.0" encoding="utf-8"?>
<Project ToolsVersion="4.0" xmlns="http://schemas.microsoft.com/developer/msbuild/2003">
  <ItemGroup>
    <Filter Include="소스 파일">
      <UniqueIdentifier>{4FC737F1-C7A5-4376-A066-2A32D752A2FF}</UniqueIdentifier>
      <Extensions>cpp;c;cc;cxx;c++;cppm;ixx;def;odl;idl;hpj;bat;asm;asmx</Extensions>
    </Filter>
    <Filter Include="헤더 파일">
      <UniqueIdentifier>{93995380-89BD-4b04-88EB-625FBE52EBFB}</UniqueIdentifier>
      <Extensions>h;hh;hpp;hxx;h++;hm;inl;inc;ipp;xsd</Extensions>
    </Filter>
    <Filter Include="리소스 파일">
      <UniqueIdentifier>{67DA6AB6-F800-4c08-8B7A-83BB121AAD01}</UniqueIdentifier>
      <Extensions>rc;ico;cur;bmp;dlg;rc2;rct;bin;rgs;gif;jpg;jpeg;jpe;resx;tiff;tif;png;wav;mfcribbon-ms</Extensions>
    </Filter>
  </ItemGroup>
  <ItemGroup>
    <ClInclude Include="pch.h">
      <Filter>헤더 파일</Filter>
    </ClInclude>
    <ClInclude Include="Common.h">
      <Filter>헤더 파일</Filter>
    </ClInclude>
    <ClInclude Include="Engine\Module\Renderer\Renderer.h">
      <Filter>헤더 파일</Filter>
    </ClInclude>
    <ClInclude Include="Graphics\Graphics.h">
      <Filter>헤더 파일</Filter>
    </ClInclude>
    <ClInclude Include="ImGui\backends\imgui_impl_dx11.h">
      <Filter>헤더 파일</Filter>
    </ClInclude>
    <ClInclude Include="ImGui\backends\imgui_impl_win32.h">
      <Filter>헤더 파일</Filter>
    </ClInclude>
    <ClInclude Include="ImGui\imconfig.h">
      <Filter>헤더 파일</Filter>
    </ClInclude>
    <ClInclude Include="ImGui\imgui.h">
      <Filter>헤더 파일</Filter>
    </ClInclude>
    <ClInclude Include="ImGui\imgui_internal.h">
      <Filter>헤더 파일</Filter>
    </ClInclude>
    <ClInclude Include="ImGui\imstb_rectpack.h">
      <Filter>헤더 파일</Filter>
    </ClInclude>
    <ClInclude Include="ImGui\imstb_textedit.h">
      <Filter>헤더 파일</Filter>
    </ClInclude>
    <ClInclude Include="ImGui\imstb_truetype.h">
      <Filter>헤더 파일</Filter>
    </ClInclude>
  </ItemGroup>
  <ItemGroup>
    <ClCompile Include="Model.cpp">
      <Filter>소스 파일</Filter>
    </ClCompile>
    <ClCompile Include="Engine\Agent\Agent.cpp">
      <Filter>소스 파일</Filter>
    </ClCompile>
    <ClCompile Include="Engine\Agent\Agent.ixx">
      <Filter>소스 파일</Filter>
    </ClCompile>
    <ClCompile Include="Engine\Archive\ShaderArchive\ShaderArchive.cpp">
      <Filter>소스 파일</Filter>
    </ClCompile>
    <ClCompile Include="Engine\Archive\ShaderArchive\ShaderArchive.ixx">
      <Filter>소스 파일</Filter>
    </ClCompile>
    <ClCompile Include="Engine\Archive\Archive.cpp">
      <Filter>소스 파일</Filter>
    </ClCompile>
    <ClCompile Include="Engine\Archive\Archive.ixx">
      <Filter>소스 파일</Filter>
    </ClCompile>
    <ClCompile Include="Engine\Archive\RenderTargetArchive.ixx">
      <Filter>소스 파일</Filter>
    </ClCompile>
    <ClCompile Include="Engine\Archive\ResourceArchive.cpp">
      <Filter>소스 파일</Filter>
    </ClCompile>
    <ClCompile Include="Engine\Archive\ResourceArchive.ixx">
      <Filter>소스 파일</Filter>
    </ClCompile>
    <ClCompile Include="Engine\Editor\Debug\Debug.cpp">
      <Filter>소스 파일</Filter>
    </ClCompile>
    <ClCompile Include="Engine\Editor\Debug\Debug.ixx">
      <Filter>소스 파일</Filter>
    </ClCompile>
    <ClCompile Include="Engine\File\File.cpp">
      <Filter>소스 파일</Filter>
    </ClCompile>
    <ClCompile Include="Engine\File\File.ixx">
      <Filter>소스 파일</Filter>
    </ClCompile>
    <ClCompile Include="Engine\Module\Renderer\Renderer.cpp">
      <Filter>소스 파일</Filter>
    </ClCompile>
    <ClCompile Include="Engine\Module\Renderer\Renderer.ixx">
      <Filter>소스 파일</Filter>
    </ClCompile>
    <ClCompile Include="Engine\Module\Transform\Transform.cpp">
      <Filter>소스 파일</Filter>
    </ClCompile>
    <ClCompile Include="Engine\Module\Transform\Transform.ixx">
      <Filter>소스 파일</Filter>
    </ClCompile>
    <ClCompile Include="Engine\Module\Module.cpp">
      <Filter>소스 파일</Filter>
    </ClCompile>
    <ClCompile Include="Engine\Module\Module.ixx">
      <Filter>소스 파일</Filter>
    </ClCompile>
    <ClCompile Include="Engine\Resource\Material\Material.cpp">
      <Filter>소스 파일</Filter>
    </ClCompile>
    <ClCompile Include="Engine\Resource\Resource.cpp">
      <Filter>소스 파일</Filter>
    </ClCompile>
    <ClCompile Include="Engine\Resource\Resource.ixx">
      <Filter>소스 파일</Filter>
    </ClCompile>
    <ClCompile Include="Engine\Service\Input\Keyboard\Keyboard.cpp">
      <Filter>소스 파일</Filter>
    </ClCompile>
    <ClCompile Include="Engine\Service\Input\Keyboard\Keyboard.ixx">
      <Filter>소스 파일</Filter>
    </ClCompile>
    <ClCompile Include="Engine\Service\Input\InputSystem.cpp">
      <Filter>소스 파일</Filter>
    </ClCompile>
    <ClCompile Include="Engine\Service\Input\InputSystem.ixx">
      <Filter>소스 파일</Filter>
    </ClCompile>
    <ClCompile Include="Engine\Service\Time\Time.cpp">
      <Filter>소스 파일</Filter>
    </ClCompile>
    <ClCompile Include="Engine\Service\Time\Time.ixx">
      <Filter>소스 파일</Filter>
    </ClCompile>
    <ClCompile Include="Engine\EngineCore.cpp">
      <Filter>소스 파일</Filter>
    </ClCompile>
    <ClCompile Include="Engine\EngineCore.ixx">
      <Filter>소스 파일</Filter>
    </ClCompile>
    <ClCompile Include="Graphics\DirectX\Buffer\ConstantBuffer\ConstantBuffer.cpp">
      <Filter>소스 파일</Filter>
    </ClCompile>
    <ClCompile Include="Graphics\DirectX\Buffer\ConstantBuffer\ConstantBuffer.ixx">
      <Filter>소스 파일</Filter>
    </ClCompile>
    <ClCompile Include="Graphics\DirectX\Buffer\VertexBuffer\VertexBuffer.cpp">
      <Filter>소스 파일</Filter>
    </ClCompile>
    <ClCompile Include="Graphics\DirectX\Buffer\VertexBuffer\VertexBuffer.ixx">
      <Filter>소스 파일</Filter>
    </ClCompile>
    <ClCompile Include="Graphics\DirectX\DX\DX.cpp">
      <Filter>소스 파일</Filter>
    </ClCompile>
    <ClCompile Include="Graphics\DirectX\DX\DX.ixx">
      <Filter>소스 파일</Filter>
    </ClCompile>
    <ClCompile Include="Graphics\DirectX\RenderContext\RenderContext.cpp">
      <Filter>소스 파일</Filter>
    </ClCompile>
    <ClCompile Include="Graphics\DirectX\RenderContext\RenderContext.ixx">
      <Filter>소스 파일</Filter>
    </ClCompile>
    <ClCompile Include="Graphics\DirectX\RenderTarget\RenderTarget.cpp">
      <Filter>소스 파일</Filter>
    </ClCompile>
    <ClCompile Include="Graphics\DirectX\RenderTarget\RenderTarget.ixx">
      <Filter>소스 파일</Filter>
    </ClCompile>
    <ClCompile Include="Graphics\DirectX\Shader\Shader.cpp">
      <Filter>소스 파일</Filter>
    </ClCompile>
    <ClCompile Include="Graphics\DirectX\Shader\Shader.ixx">
      <Filter>소스 파일</Filter>
    </ClCompile>
    <ClCompile Include="Graphics\DirectX\Viewport\Viewport.cpp">
      <Filter>소스 파일</Filter>
    </ClCompile>
    <ClCompile Include="Graphics\DirectX\Viewport\Viewport.ixx">
      <Filter>소스 파일</Filter>
    </ClCompile>
    <ClCompile Include="Graphics\Graphics.cpp">
      <Filter>소스 파일</Filter>
    </ClCompile>
    <ClCompile Include="ImGui\backends\imgui_impl_dx11.cpp">
      <Filter>소스 파일</Filter>
    </ClCompile>
    <ClCompile Include="ImGui\backends\imgui_impl_win32.cpp">
      <Filter>소스 파일</Filter>
    </ClCompile>
    <ClCompile Include="ImGui\ImGuiManager\ImGuiManager.cpp">
      <Filter>소스 파일</Filter>
    </ClCompile>
    <ClCompile Include="ImGui\ImGuiManager\ImGuiManager.ixx">
      <Filter>소스 파일</Filter>
    </ClCompile>
    <ClCompile Include="ImGui\imgui.cpp">
      <Filter>소스 파일</Filter>
    </ClCompile>
    <ClCompile Include="ImGui\imgui_draw.cpp">
      <Filter>소스 파일</Filter>
    </ClCompile>
    <ClCompile Include="ImGui\imgui_tables.cpp">
      <Filter>소스 파일</Filter>
    </ClCompile>
    <ClCompile Include="ImGui\imgui_widgets.cpp">
      <Filter>소스 파일</Filter>
    </ClCompile>
    <ClCompile Include="Window\Window.cppm">
      <Filter>소스 파일</Filter>
    </ClCompile>
    <ClCompile Include="Window\Window.ixx">
      <Filter>소스 파일</Filter>
    </ClCompile>
    <ClCompile Include="pch.cpp">
      <Filter>소스 파일</Filter>
    </ClCompile>
    <ClCompile Include="Engine\Resource\Material\Material.ixx">
      <Filter>소스 파일</Filter>
    </ClCompile>
    <ClCompile Include="Model.ixx">
      <Filter>소스 파일</Filter>
    </ClCompile>
    <ClCompile Include="Monitor\Monitor.ixx">
      <Filter>소스 파일</Filter>
    </ClCompile>
    <ClCompile Include="Monitor\Monitor.cpp">
      <Filter>소스 파일</Filter>
    </ClCompile>
  </ItemGroup>
</Project>